{
  "originHash" : "b5db246ebae823798039a19578c32d3cc060f098b094feebc3f7a02c6d8931a8",
  "pins" : [
    {
      "identity" : "llama.cpp",
      "kind" : "remoteSourceControl",
      "location" : "https://github.com/ggerganov/llama.cpp/",
      "state" : {
        "revision" : "cda0e4b648dde8fac162b3430b14a99597d3d74f"
      }
    },
    {
      "identity" : "llm.swift",
      "kind" : "remoteSourceControl",
      "location" : "https://github.com/eastriverlee/LLM.swift",
      "state" : {
        "branch" : "pinned",
        "revision" : "48546489c46c8d116a320ad6bc031bbd714fd8c0"
      }
    }
  ],
  "version" : 3
}
