{
  "originHash" : "4a39c44a3464b071cf48147d8c4592c0835066b8c2ecb3b9deedd82dd59629de",
  "pins" : [
    {
      "identity" : "aws-crt-swift",
      "kind" : "remoteSourceControl",
      "location" : "https://github.com/awslabs/aws-crt-swift",
      "state" : {
        "revision" : "74d970dde8a0d6b2fe1d8374767ca9793088ce2c",
        "version" : "0.48.0"
      }
    },
    {
      "identity" : "aws-sdk-swift",
      "kind" : "remoteSourceControl",
      "location" : "https://github.com/awslabs/aws-sdk-swift",
      "state" : {
        "revision" : "7f0535a8f562f4903e8aab0422906b589949e94d",
        "version" : "1.2.58"
      }
    },
    {
      "identity" : "llm.swift",
      "kind" : "remoteSourceControl",
      "location" : "https://github.com/eastriverlee/LLM.swift",
      "state" : {
        "branch" : "main",
        "revision" : "7584d0736fce6ec032ab357ee63a8e7b00c64d96"
      }
    },
    {
      "identity" : "peak-ios-llmkit",
      "kind" : "remoteSourceControl",
      "location" : "https://github.com/peakresponse/peak-ios-llmkit",
      "state" : {
        "branch" : "main",
        "revision" : "32793ebf9c4fe237c81c1ac48b6559d5f0003acd"
      }
    },
    {
      "identity" : "smithy-swift",
      "kind" : "remoteSourceControl",
      "location" : "https://github.com/smithy-lang/smithy-swift",
      "state" : {
        "revision" : "755367ae4e10004f8b5a94fbfdf3f638a1f225bc",
        "version" : "0.125.0"
      }
    },
    {
      "identity" : "swift-log",
      "kind" : "remoteSourceControl",
      "location" : "https://github.com/apple/swift-log.git",
      "state" : {
        "revision" : "3d8596ed08bd13520157f0355e35caed215ffbfa",
        "version" : "1.6.3"
      }
    }
  ],
  "version" : 3
}
